
Microsoft Visual Studio Solution File, Format Version 12.00
# Visual Studio Version 17
VisualStudioVersion = 17.11.35312.102
MinimumVisualStudioVersion = 10.0.40219.1
Project("{FAE04EC0-301F-11D3-BF4B-00C04F79EFBC}") = "1Try", "1Try.csproj", "{CDE2C269-E80B-4E3E-A789-03C4277B88BB}"
EndProject
Global
	GlobalSection(SolutionConfigurationPlatforms) = preSolution
		Debug|Any CPU = Debug|Any CPU
		Release|Any CPU = Release|Any CPU
	EndGlobalSection
	GlobalSection(ProjectConfigurationPlatforms) = postSolution
		{CDE2C269-E80B-4E3E-A789-03C4277B88BB}.Debug|Any CPU.ActiveCfg = Debug|Any CPU
		{CDE2C269-E80B-4E3E-A789-03C4277B88BB}.Debug|Any CPU.Build.0 = Debug|Any CPU
		{CDE2C269-E80B-4E3E-A789-03C4277B88BB}.Release|Any CPU.ActiveCfg = Release|Any CPU
		{CDE2C269-E80B-4E3E-A789-03C4277B88BB}.Release|Any CPU.Build.0 = Release|Any CPU
	EndGlobalSection
	GlobalSection(SolutionProperties) = preSolution
		HideSolutionNode = FALSE
	EndGlobalSection
	GlobalSection(ExtensibilityGlobals) = postSolution
		SolutionGuid = {2D11210E-8445-4BFB-876F-D168BF86B625}
	EndGlobalSection
EndGlobal
